
Microsoft Visual Studio Solution File, Format Version 12.00
# Visual Studio Version 17
VisualStudioVersion = 17.9.34728.123
MinimumVisualStudioVersion = 10.0.40219.1
Project("{FAE04EC0-301F-11D3-BF4B-00C04F79EFBC}") = "Cafe_website", "Cafe_website.csproj", "{F623F7FA-F0A4-4E95-BCE9-AA4E2B06E4E6}"
EndProject
Global
	GlobalSection(SolutionConfigurationPlatforms) = preSolution
		Debug|Any CPU = Debug|Any CPU
		Release|Any CPU = Release|Any CPU
	EndGlobalSection
	GlobalSection(ProjectConfigurationPlatforms) = postSolution
		{F623F7FA-F0A4-4E95-BCE9-AA4E2B06E4E6}.Debug|Any CPU.ActiveCfg = Debug|Any CPU
		{F623F7FA-F0A4-4E95-BCE9-AA4E2B06E4E6}.Debug|Any CPU.Build.0 = Debug|Any CPU
		{F623F7FA-F0A4-4E95-BCE9-AA4E2B06E4E6}.Release|Any CPU.ActiveCfg = Release|Any CPU
		{F623F7FA-F0A4-4E95-BCE9-AA4E2B06E4E6}.Release|Any CPU.Build.0 = Release|Any CPU
	EndGlobalSection
	GlobalSection(SolutionProperties) = preSolution
		HideSolutionNode = FALSE
	EndGlobalSection
	GlobalSection(ExtensibilityGlobals) = postSolution
		SolutionGuid = {22F2E0E4-E7B2-447A-AB8D-90F73CA11FF4}
	EndGlobalSection
EndGlobal
